
Microsoft Visual Studio Solution File, Format Version 12.00
# Visual Studio Version 17
VisualStudioVersion = 17.3.32804.467
MinimumVisualStudioVersion = 10.0.40219.1
Project("{FAE04EC0-301F-11D3-BF4B-00C04F79EFBC}") = "Instrumenta", "Instrumenta.csproj", "{955187EE-558C-483F-A361-2F9269874A7A}"
EndProject
Global
	GlobalSection(SolutionConfigurationPlatforms) = preSolution
		Debug|Any CPU = Debug|Any CPU
		Release|Any CPU = Release|Any CPU
	EndGlobalSection
	GlobalSection(ProjectConfigurationPlatforms) = postSolution
		{955187EE-558C-483F-A361-2F9269874A7A}.Debug|Any CPU.ActiveCfg = Debug|Any CPU
		{955187EE-558C-483F-A361-2F9269874A7A}.Debug|Any CPU.Build.0 = Debug|Any CPU
		{955187EE-558C-483F-A361-2F9269874A7A}.Release|Any CPU.ActiveCfg = Release|Any CPU
		{955187EE-558C-483F-A361-2F9269874A7A}.Release|Any CPU.Build.0 = Release|Any CPU
	EndGlobalSection
	GlobalSection(SolutionProperties) = preSolution
		HideSolutionNode = FALSE
	EndGlobalSection
	GlobalSection(ExtensibilityGlobals) = postSolution
		SolutionGuid = {2C034C9E-DA4B-46DF-A009-E0825E812DE9}
	EndGlobalSection
EndGlobal
